
Microsoft Visual Studio Solution File, Format Version 12.00
# Visual Studio Version 17
VisualStudioVersion = 17.3.32901.215
MinimumVisualStudioVersion = 10.0.40219.1
Project("{FAE04EC0-301F-11D3-BF4B-00C04F79EFBC}") = "GrpcService", "GrpcService.csproj", "{EDC60CCD-83EE-4FB1-A8BE-1574EE753BF9}"
EndProject
Project("{FAE04EC0-301F-11D3-BF4B-00C04F79EFBC}") = "GrpcClient", "..\GrpcClient\GrpcClient.csproj", "{39DBE292-5FC2-4652-BDEF-1B77771218AB}"
EndProject
Global
	GlobalSection(SolutionConfigurationPlatforms) = preSolution
		Debug|Any CPU = Debug|Any CPU
		Release|Any CPU = Release|Any CPU
	EndGlobalSection
	GlobalSection(ProjectConfigurationPlatforms) = postSolution
		{EDC60CCD-83EE-4FB1-A8BE-1574EE753BF9}.Debug|Any CPU.ActiveCfg = Debug|Any CPU
		{EDC60CCD-83EE-4FB1-A8BE-1574EE753BF9}.Debug|Any CPU.Build.0 = Debug|Any CPU
		{EDC60CCD-83EE-4FB1-A8BE-1574EE753BF9}.Release|Any CPU.ActiveCfg = Release|Any CPU
		{EDC60CCD-83EE-4FB1-A8BE-1574EE753BF9}.Release|Any CPU.Build.0 = Release|Any CPU
		{39DBE292-5FC2-4652-BDEF-1B77771218AB}.Debug|Any CPU.ActiveCfg = Debug|Any CPU
		{39DBE292-5FC2-4652-BDEF-1B77771218AB}.Debug|Any CPU.Build.0 = Debug|Any CPU
		{39DBE292-5FC2-4652-BDEF-1B77771218AB}.Release|Any CPU.ActiveCfg = Release|Any CPU
		{39DBE292-5FC2-4652-BDEF-1B77771218AB}.Release|Any CPU.Build.0 = Release|Any CPU
	EndGlobalSection
	GlobalSection(SolutionProperties) = preSolution
		HideSolutionNode = FALSE
	EndGlobalSection
	GlobalSection(ExtensibilityGlobals) = postSolution
		SolutionGuid = {DC672657-DA3F-473F-888A-F972BD1DEA80}
	EndGlobalSection
EndGlobal
